{
    "version": 3,
    "terraform_version": "0.11.11",
    "serial": 4,
    "lineage": "5bbdbeb5-f697-04db-3d69-8ad91fd795bb",
    "modules": [
        {
            "path": [
                "root"
            ],
            "outputs": {
                "ip": {
                    "sensitive": false,
                    "type": "string",
                    "value": "35.225.228.242"
                }
            },
            "resources": {
                "google_compute_instance.default": {
                    "type": "google_compute_instance",
                    "depends_on": [
                        "random_id.instance_id"
                    ],
                    "primary": {
                        "id": "mtv-vm-168d8eb0ec62d432",
                        "attributes": {
                            "attached_disk.#": "0",
                            "boot_disk.#": "1",
                            "boot_disk.0.auto_delete": "true",
                            "boot_disk.0.device_name": "persistent-disk-0",
                            "boot_disk.0.disk_encryption_key_raw": "",
                            "boot_disk.0.disk_encryption_key_sha256": "",
                            "boot_disk.0.initialize_params.#": "1",
                            "boot_disk.0.initialize_params.0.image": "https://www.googleapis.com/compute/v1/projects/debian-cloud/global/images/debian-9-stretch-v20190514",
                            "boot_disk.0.initialize_params.0.size": "10",
                            "boot_disk.0.initialize_params.0.type": "pd-standard",
                            "boot_disk.0.kms_key_self_link": "",
                            "boot_disk.0.source": "https://www.googleapis.com/compute/v1/projects/majortelevisioneventcom-prod/zones/us-central1-a/disks/mtv-vm-168d8eb0ec62d432",
                            "can_ip_forward": "false",
                            "cpu_platform": "Intel Haswell",
                            "deletion_protection": "false",
                            "guest_accelerator.#": "0",
                            "hostname": "",
                            "id": "mtv-vm-168d8eb0ec62d432",
                            "instance_id": "5835883181806507457",
                            "label_fingerprint": "42WmSpB8rSM=",
                            "labels.%": "0",
                            "machine_type": "f1-micro",
                            "metadata.%": "1",
                            "metadata.sshKeys": "bfrost:ssh-rsa AAAAB3NzaC1yc2EAAAADAQABAAABAQDduXfN/xzn77HpkD+BIE/91eINcD7ILhm0oU5LNxXgAn3eBRuJFt2MzZRvDZndGE3DB0H95yZ6drC+10qlvHBuJgnnpKkwECOVJRPTRVSD4B3SGf8yar249SmMBf/LPwUfSrC1xhSKMKLMJNG1gGBNTatC0xMncF1IPLevfv/OxAUjSC6ca/WYgkkUiVzsQASBbSA/Bs1rnpG9gxa9NeODSULiwR+Loe+JD4mDSch2LafsgrJs01DBrygwn74Gtf3lV58bYbUQRk8hhkf3YCVgreRFHjbXo5szNyTYYqa2CGlF1ahKyLhUMGO2SQ9ZK2gxGT1OSwV4YzC98ucUk47z bfrost@bmo\n",
                            "metadata_fingerprint": "ATPidSGAxMs=",
                            "metadata_startup_script": "sudo apt-get update; sudo apt-get install -yq build-essential python-pip rsync; pip install flask",
                            "min_cpu_platform": "",
                            "name": "mtv-vm-168d8eb0ec62d432",
                            "network_interface.#": "1",
                            "network_interface.0.access_config.#": "1",
                            "network_interface.0.access_config.0.assigned_nat_ip": "",
                            "network_interface.0.access_config.0.nat_ip": "35.225.228.242",
                            "network_interface.0.access_config.0.network_tier": "PREMIUM",
                            "network_interface.0.access_config.0.public_ptr_domain_name": "",
                            "network_interface.0.address": "",
                            "network_interface.0.alias_ip_range.#": "0",
                            "network_interface.0.name": "nic0",
                            "network_interface.0.network": "https://www.googleapis.com/compute/v1/projects/majortelevisioneventcom-prod/global/networks/default",
                            "network_interface.0.network_ip": "10.128.0.2",
                            "network_interface.0.subnetwork": "https://www.googleapis.com/compute/v1/projects/majortelevisioneventcom-prod/regions/us-central1/subnetworks/default",
                            "network_interface.0.subnetwork_project": "majortelevisioneventcom-prod",
                            "project": "majortelevisioneventcom-prod",
                            "scheduling.#": "1",
                            "scheduling.0.automatic_restart": "true",
                            "scheduling.0.node_affinities.#": "0",
                            "scheduling.0.on_host_maintenance": "MIGRATE",
                            "scheduling.0.preemptible": "false",
                            "scratch_disk.#": "0",
                            "self_link": "https://www.googleapis.com/compute/v1/projects/majortelevisioneventcom-prod/zones/us-central1-a/instances/mtv-vm-168d8eb0ec62d432",
                            "service_account.#": "0",
                            "shielded_instance_config.#": "0",
                            "tags.#": "0",
                            "tags_fingerprint": "42WmSpB8rSM=",
                            "zone": "us-central1-a"
                        },
                        "meta": {
                            "e2bfb730-ecaa-11e6-8f88-34363bc7c4c0": {
                                "create": 360000000000,
                                "delete": 360000000000,
                                "update": 360000000000
                            },
                            "schema_version": "6"
                        },
                        "tainted": false
                    },
                    "deposed": [],
                    "provider": "provider.google"
                },
                "random_id.instance_id": {
                    "type": "random_id",
                    "depends_on": [],
                    "primary": {
                        "id": "Fo2OsOxi1DI",
                        "attributes": {
                            "b64": "Fo2OsOxi1DI",
                            "b64_std": "Fo2OsOxi1DI=",
                            "b64_url": "Fo2OsOxi1DI",
                            "byte_length": "8",
                            "dec": "1625111931081905202",
                            "hex": "168d8eb0ec62d432",
                            "id": "Fo2OsOxi1DI"
                        },
                        "meta": {},
                        "tainted": false
                    },
                    "deposed": [],
                    "provider": "provider.random"
                }
            },
            "depends_on": []
        }
    ]
}
